{
  "type":"module",
  "requires": true,
  "lockfileVersion": 1,
  "dependencies": {
    "profitlossformulanpm": {
      "version": "1.0.0",
      "resolved": "https://registry.npmjs.org/profitlossformulanpm/-/profitlossformulanpm-1.0.0.tgz",
      "integrity": "sha512-JCFTx6tLPeE20xsGWs0GsFit5kztty6a0LVDPO64APjYDlKjRHGGCeKHqhezYxiHSbhKCYEdJ40ksXVLhEJGug=="
    }
  }
}
